
Microsoft Visual Studio Solution File, Format Version 12.00
# Visual Studio 14
VisualStudioVersion = 14.0.22310.1
MinimumVisualStudioVersion = 10.0.40219.1
Project("{2150E333-8FDC-42A3-9474-1A3956D46DE8}") = "Engine", "Engine", "{BDB2F460-E67A-4CB1-85A1-8AA750D3727F}"
EndProject
Project("{2150E333-8FDC-42A3-9474-1A3956D46DE8}") = "Games", "Games", "{5905F8A3-E734-4442-BD70-7FA572051CDE}"
EndProject
Project("{8BC9CEB8-8B4A-11D0-8D11-00A0C91BC942}") = "UE4", "Intermediate\ProjectFiles\UE4.vcxproj", "{44537B90-073D-43D5-819E-007E06B12EC4}"
EndProject
Project("{8BC9CEB8-8B4A-11D0-8D11-00A0C91BC942}") = "Adder_DodgeBall", "Intermediate\ProjectFiles\Adder_DodgeBall.vcxproj", "{403114CA-54BB-49BC-ABA3-4B8BDD351516}"
EndProject
Global
	GlobalSection(SolutionConfigurationPlatforms) = preSolution
		DebugGame Editor|Win32 = DebugGame Editor|Win32
		DebugGame Editor|Win64 = DebugGame Editor|Win64
		DebugGame|Win32 = DebugGame|Win32
		DebugGame|Win64 = DebugGame|Win64
		Development Editor|Win32 = Development Editor|Win32
		Development Editor|Win64 = Development Editor|Win64
		Development|Win32 = Development|Win32
		Development|Win64 = Development|Win64
		Shipping|Win32 = Shipping|Win32
		Shipping|Win64 = Shipping|Win64
	EndGlobalSection
	GlobalSection(ProjectConfigurationPlatforms) = postSolution
		{403114CA-54BB-49BC-ABA3-4B8BDD351516}.DebugGame Editor|Win32.ActiveCfg = DebugGame_Editor|Win32
		{403114CA-54BB-49BC-ABA3-4B8BDD351516}.DebugGame Editor|Win32.Build.0 = DebugGame_Editor|Win32
		{403114CA-54BB-49BC-ABA3-4B8BDD351516}.DebugGame Editor|Win64.ActiveCfg = DebugGame_Editor|x64
		{403114CA-54BB-49BC-ABA3-4B8BDD351516}.DebugGame Editor|Win64.Build.0 = DebugGame_Editor|x64
		{403114CA-54BB-49BC-ABA3-4B8BDD351516}.DebugGame|Win32.ActiveCfg = DebugGame_Game|Win32
		{403114CA-54BB-49BC-ABA3-4B8BDD351516}.DebugGame|Win32.Build.0 = DebugGame_Game|Win32
		{403114CA-54BB-49BC-ABA3-4B8BDD351516}.DebugGame|Win64.ActiveCfg = DebugGame_Game|x64
		{403114CA-54BB-49BC-ABA3-4B8BDD351516}.DebugGame|Win64.Build.0 = DebugGame_Game|x64
		{403114CA-54BB-49BC-ABA3-4B8BDD351516}.Development Editor|Win32.ActiveCfg = Development_Editor|Win32
		{403114CA-54BB-49BC-ABA3-4B8BDD351516}.Development Editor|Win32.Build.0 = Development_Editor|Win32
		{403114CA-54BB-49BC-ABA3-4B8BDD351516}.Development Editor|Win64.ActiveCfg = Development_Editor|x64
		{403114CA-54BB-49BC-ABA3-4B8BDD351516}.Development Editor|Win64.Build.0 = Development_Editor|x64
		{403114CA-54BB-49BC-ABA3-4B8BDD351516}.Development|Win32.ActiveCfg = Development_Game|Win32
		{403114CA-54BB-49BC-ABA3-4B8BDD351516}.Development|Win32.Build.0 = Development_Game|Win32
		{403114CA-54BB-49BC-ABA3-4B8BDD351516}.Development|Win64.ActiveCfg = Development_Game|x64
		{403114CA-54BB-49BC-ABA3-4B8BDD351516}.Development|Win64.Build.0 = Development_Game|x64
		{403114CA-54BB-49BC-ABA3-4B8BDD351516}.Shipping|Win32.ActiveCfg = Shipping_Game|Win32
		{403114CA-54BB-49BC-ABA3-4B8BDD351516}.Shipping|Win32.Build.0 = Shipping_Game|Win32
		{403114CA-54BB-49BC-ABA3-4B8BDD351516}.Shipping|Win64.ActiveCfg = Shipping_Game|x64
		{403114CA-54BB-49BC-ABA3-4B8BDD351516}.Shipping|Win64.Build.0 = Shipping_Game|x64
	EndGlobalSection
	GlobalSection(SolutionProperties) = preSolution
		HideSolutionNode = FALSE
	EndGlobalSection
	GlobalSection(NestedProjects) = preSolution
		{44537B90-073D-43D5-819E-007E06B12EC4} = {BDB2F460-E67A-4CB1-85A1-8AA750D3727F}
		{403114CA-54BB-49BC-ABA3-4B8BDD351516} = {5905F8A3-E734-4442-BD70-7FA572051CDE}
	EndGlobalSection
EndGlobal
