
Microsoft Visual Studio Solution File, Format Version 12.00
# Visual Studio 14
VisualStudioVersion = 14.0.24720.0
MinimumVisualStudioVersion = 10.0.40219.1
Project("{2150E333-8FDC-42A3-9474-1A3956D46DE8}") = "Engine", "Engine", "{20297FFD-62E5-4605-AAF9-82DB6A68ED21}"
EndProject
Project("{2150E333-8FDC-42A3-9474-1A3956D46DE8}") = "Games", "Games", "{8A1DF547-4A04-41AE-992D-92152FB33868}"
EndProject
Project("{8BC9CEB8-8B4A-11D0-8D11-00A0C91BC942}") = "UE4", "Intermediate\ProjectFiles\UE4.vcxproj", "{0CD4ADD9-F41A-4781-8086-28B979196A4E}"
EndProject
Project("{8BC9CEB8-8B4A-11D0-8D11-00A0C91BC942}") = "Adder_DodgeBall", "Intermediate\ProjectFiles\Adder_DodgeBall.vcxproj", "{D3988C37-021D-4897-A9CF-70E2492A4874}"
EndProject
Global
	GlobalSection(SolutionConfigurationPlatforms) = preSolution
		DebugGame Editor|Win32 = DebugGame Editor|Win32
		DebugGame Editor|Win64 = DebugGame Editor|Win64
		DebugGame|Win32 = DebugGame|Win32
		DebugGame|Win64 = DebugGame|Win64
		Development Editor|Win32 = Development Editor|Win32
		Development Editor|Win64 = Development Editor|Win64
		Development|Win32 = Development|Win32
		Development|Win64 = Development|Win64
		Shipping|Win32 = Shipping|Win32
		Shipping|Win64 = Shipping|Win64
	EndGlobalSection
	GlobalSection(ProjectConfigurationPlatforms) = postSolution
		{0CD4ADD9-F41A-4781-8086-28B979196A4E}.DebugGame Editor|Win32.ActiveCfg = BuiltWithUnrealBuildTool|Win32
		{0CD4ADD9-F41A-4781-8086-28B979196A4E}.DebugGame Editor|Win32.Build.0 = BuiltWithUnrealBuildTool|Win32
		{0CD4ADD9-F41A-4781-8086-28B979196A4E}.DebugGame Editor|Win64.ActiveCfg = BuiltWithUnrealBuildTool|Win32
		{0CD4ADD9-F41A-4781-8086-28B979196A4E}.DebugGame Editor|Win64.Build.0 = BuiltWithUnrealBuildTool|Win32
		{0CD4ADD9-F41A-4781-8086-28B979196A4E}.DebugGame|Win32.ActiveCfg = BuiltWithUnrealBuildTool|Win32
		{0CD4ADD9-F41A-4781-8086-28B979196A4E}.DebugGame|Win32.Build.0 = BuiltWithUnrealBuildTool|Win32
		{0CD4ADD9-F41A-4781-8086-28B979196A4E}.DebugGame|Win64.ActiveCfg = BuiltWithUnrealBuildTool|Win32
		{0CD4ADD9-F41A-4781-8086-28B979196A4E}.DebugGame|Win64.Build.0 = BuiltWithUnrealBuildTool|Win32
		{0CD4ADD9-F41A-4781-8086-28B979196A4E}.Development Editor|Win32.ActiveCfg = BuiltWithUnrealBuildTool|Win32
		{0CD4ADD9-F41A-4781-8086-28B979196A4E}.Development Editor|Win32.Build.0 = BuiltWithUnrealBuildTool|Win32
		{0CD4ADD9-F41A-4781-8086-28B979196A4E}.Development Editor|Win64.ActiveCfg = BuiltWithUnrealBuildTool|Win32
		{0CD4ADD9-F41A-4781-8086-28B979196A4E}.Development Editor|Win64.Build.0 = BuiltWithUnrealBuildTool|Win32
		{0CD4ADD9-F41A-4781-8086-28B979196A4E}.Development|Win32.ActiveCfg = BuiltWithUnrealBuildTool|Win32
		{0CD4ADD9-F41A-4781-8086-28B979196A4E}.Development|Win32.Build.0 = BuiltWithUnrealBuildTool|Win32
		{0CD4ADD9-F41A-4781-8086-28B979196A4E}.Development|Win64.ActiveCfg = BuiltWithUnrealBuildTool|Win32
		{0CD4ADD9-F41A-4781-8086-28B979196A4E}.Development|Win64.Build.0 = BuiltWithUnrealBuildTool|Win32
		{0CD4ADD9-F41A-4781-8086-28B979196A4E}.Shipping|Win32.ActiveCfg = BuiltWithUnrealBuildTool|Win32
		{0CD4ADD9-F41A-4781-8086-28B979196A4E}.Shipping|Win32.Build.0 = BuiltWithUnrealBuildTool|Win32
		{0CD4ADD9-F41A-4781-8086-28B979196A4E}.Shipping|Win64.ActiveCfg = BuiltWithUnrealBuildTool|Win32
		{0CD4ADD9-F41A-4781-8086-28B979196A4E}.Shipping|Win64.Build.0 = BuiltWithUnrealBuildTool|Win32
		{D3988C37-021D-4897-A9CF-70E2492A4874}.DebugGame Editor|Win32.ActiveCfg = DebugGame_Editor|Win32
		{D3988C37-021D-4897-A9CF-70E2492A4874}.DebugGame Editor|Win32.Build.0 = DebugGame_Editor|Win32
		{D3988C37-021D-4897-A9CF-70E2492A4874}.DebugGame Editor|Win64.ActiveCfg = DebugGame_Editor|x64
		{D3988C37-021D-4897-A9CF-70E2492A4874}.DebugGame Editor|Win64.Build.0 = DebugGame_Editor|x64
		{D3988C37-021D-4897-A9CF-70E2492A4874}.DebugGame|Win32.ActiveCfg = DebugGame_Game|Win32
		{D3988C37-021D-4897-A9CF-70E2492A4874}.DebugGame|Win32.Build.0 = DebugGame_Game|Win32
		{D3988C37-021D-4897-A9CF-70E2492A4874}.DebugGame|Win64.ActiveCfg = DebugGame_Game|x64
		{D3988C37-021D-4897-A9CF-70E2492A4874}.DebugGame|Win64.Build.0 = DebugGame_Game|x64
		{D3988C37-021D-4897-A9CF-70E2492A4874}.Development Editor|Win32.ActiveCfg = Development_Editor|Win32
		{D3988C37-021D-4897-A9CF-70E2492A4874}.Development Editor|Win32.Build.0 = Development_Editor|Win32
		{D3988C37-021D-4897-A9CF-70E2492A4874}.Development Editor|Win64.ActiveCfg = Development_Editor|x64
		{D3988C37-021D-4897-A9CF-70E2492A4874}.Development Editor|Win64.Build.0 = Development_Editor|x64
		{D3988C37-021D-4897-A9CF-70E2492A4874}.Development|Win32.ActiveCfg = Development_Game|Win32
		{D3988C37-021D-4897-A9CF-70E2492A4874}.Development|Win32.Build.0 = Development_Game|Win32
		{D3988C37-021D-4897-A9CF-70E2492A4874}.Development|Win64.ActiveCfg = Development_Game|x64
		{D3988C37-021D-4897-A9CF-70E2492A4874}.Development|Win64.Build.0 = Development_Game|x64
		{D3988C37-021D-4897-A9CF-70E2492A4874}.Shipping|Win32.ActiveCfg = Shipping_Game|Win32
		{D3988C37-021D-4897-A9CF-70E2492A4874}.Shipping|Win32.Build.0 = Shipping_Game|Win32
		{D3988C37-021D-4897-A9CF-70E2492A4874}.Shipping|Win64.ActiveCfg = Shipping_Game|x64
		{D3988C37-021D-4897-A9CF-70E2492A4874}.Shipping|Win64.Build.0 = Shipping_Game|x64
	EndGlobalSection
	GlobalSection(SolutionProperties) = preSolution
		HideSolutionNode = FALSE
	EndGlobalSection
	GlobalSection(NestedProjects) = preSolution
		{0CD4ADD9-F41A-4781-8086-28B979196A4E} = {20297FFD-62E5-4605-AAF9-82DB6A68ED21}
		{D3988C37-021D-4897-A9CF-70E2492A4874} = {8A1DF547-4A04-41AE-992D-92152FB33868}
	EndGlobalSection
EndGlobal
